// !$*UTF8*$!
{
	archiveVersion = 1;
	classes = {
	};
	objectVersion = 46;
	objects = {

/* Begin PBXFileReference section */
		0166385A17D03D66002EF67D /* JLExpandableCell.h */ = {isa = PBXFileReference; lastKnownFileType = sourcecode.c.h; path = JLExpandableCell.h; sourceTree = "<group>"; };
		0166385B17D03D66002EF67D /* JLExpandableCell.m */ = {isa = PBXFileReference; lastKnownFileType = sourcecode.c.objc; path = JLExpandableCell.m; sourceTree = "<group>"; };
		0166385C17D03D66002EF67D /* JLExpandableCellRow.h */ = {isa = PBXFileReference; lastKnownFileType = sourcecode.c.h; path = JLExpandableCellRow.h; sourceTree = "<group>"; };
		0166385D17D03D66002EF67D /* JLExpandableCellRow.m */ = {isa = PBXFileReference; lastKnownFileType = sourcecode.c.objc; path = JLExpandableCellRow.m; sourceTree = "<group>"; };
/* End PBXFileReference section */

/* Begin PBXGroup section */
		0166384E17D0388F002EF67D = {
			isa = PBXGroup;
			children = (
				0166385917D03D66002EF67D /* Classes */,
			);
			sourceTree = "<group>";
		};
		0166385917D03D66002EF67D /* Classes */ = {
			isa = PBXGroup;
			children = (
				0166385A17D03D66002EF67D /* JLExpandableCell.h */,
				0166385B17D03D66002EF67D /* JLExpandableCell.m */,
				0166385C17D03D66002EF67D /* JLExpandableCellRow.h */,
				0166385D17D03D66002EF67D /* JLExpandableCellRow.m */,
			);
			path = Classes;
			sourceTree = "<group>";
		};
/* End PBXGroup section */

/* Begin PBXProject section */
		0166384F17D0388F002EF67D /* Project object */ = {
			isa = PBXProject;
			attributes = {
				LastUpgradeCheck = 0500;
			};
			buildConfigurationList = 0166385217D0388F002EF67D /* Build configuration list for PBXProject "JLExpandableBox" */;
			compatibilityVersion = "Xcode 3.2";
			developmentRegion = English;
			hasScannedForEncodings = 0;
			knownRegions = (
				en,
			);
			mainGroup = 0166384E17D0388F002EF67D;
			projectDirPath = "";
			projectRoot = "";
			targets = (
			);
		};
/* End PBXProject section */

/* Begin XCBuildConfiguration section */
		0166385317D0388F002EF67D /* Debug */ = {
			isa = XCBuildConfiguration;
			buildSettings = {
			};
			name = Debug;
		};
		0166385417D0388F002EF67D /* Release */ = {
			isa = XCBuildConfiguration;
			buildSettings = {
			};
			name = Release;
		};
/* End XCBuildConfiguration section */

/* Begin XCConfigurationList section */
		0166385217D0388F002EF67D /* Build configuration list for PBXProject "JLExpandableBox" */ = {
			isa = XCConfigurationList;
			buildConfigurations = (
				0166385317D0388F002EF67D /* Debug */,
				0166385417D0388F002EF67D /* Release */,
			);
			defaultConfigurationIsVisible = 0;
			defaultConfigurationName = Release;
		};
/* End XCConfigurationList section */
	};
	rootObject = 0166384F17D0388F002EF67D /* Project object */;
}
